// !$*UTF8*$!
{
	archiveVersion = 1;
	classes = {
	};
	objectVersion = 46;
	objects = {

/* Begin PBXAggregateTarget section */
		62FA80C31D58255F00A753C6 /* RouterAggregate */ = {
			isa = PBXAggregateTarget;
			buildConfigurationList = 62FA80C41D58255F00A753C6 /* Build configuration list for PBXAggregateTarget "RouterAggregate" */;
			buildPhases = (
				62FA80C71D58260100A753C6 /* ShellScript */,
			);
			dependencies = (
			);
			name = RouterAggregate;
			productName = RouterAggregate;
		};
/* End PBXAggregateTarget section */

/* Begin PBXBuildFile section */
		6217DE2A1D51B7C40059451A /* MRouterFramework.h in Headers */ = {isa = PBXBuildFile; fileRef = 6217DE291D51B7C40059451A /* MRouterFramework.h */; settings = {ATTRIBUTES = (Public, ); }; };
		62348D0C1D5453FB00B88910 /* MRouterInfo.h in Headers */ = {isa = PBXBuildFile; fileRef = 62348D0A1D5453FB00B88910 /* MRouterInfo.h */; settings = {ATTRIBUTES = (Public, ); }; };
		62348D0D1D5453FB00B88910 /* MRouterInfo.m in Sources */ = {isa = PBXBuildFile; fileRef = 62348D0B1D5453FB00B88910 /* MRouterInfo.m */; };
		62348D101D54540F00B88910 /* MRouterMatcher.h in Headers */ = {isa = PBXBuildFile; fileRef = 62348D0E1D54540F00B88910 /* MRouterMatcher.h */; settings = {ATTRIBUTES = (Public, ); }; };
		62348D111D54540F00B88910 /* MRouterMatcher.m in Sources */ = {isa = PBXBuildFile; fileRef = 62348D0F1D54540F00B88910 /* MRouterMatcher.m */; };
		62348D141D54543200B88910 /* MRouterRegularExpression.h in Headers */ = {isa = PBXBuildFile; fileRef = 62348D121D54543200B88910 /* MRouterRegularExpression.h */; settings = {ATTRIBUTES = (Public, ); }; };
		62348D151D54543200B88910 /* MRouterRegularExpression.m in Sources */ = {isa = PBXBuildFile; fileRef = 62348D131D54543200B88910 /* MRouterRegularExpression.m */; };
		62348D1A1D5459A900B88910 /* NSString+Router_URLEncoding.h in Headers */ = {isa = PBXBuildFile; fileRef = 62348D161D5459A900B88910 /* NSString+Router_URLEncoding.h */; settings = {ATTRIBUTES = (Public, ); }; };
		62348D1B1D5459A900B88910 /* NSString+Router_URLEncoding.m in Sources */ = {isa = PBXBuildFile; fileRef = 62348D171D5459A900B88910 /* NSString+Router_URLEncoding.m */; };
		62348D1C1D5459A900B88910 /* NSURL+Router_Extend.h in Headers */ = {isa = PBXBuildFile; fileRef = 62348D181D5459A900B88910 /* NSURL+Router_Extend.h */; settings = {ATTRIBUTES = (Public, ); }; };
		62348D1D1D5459A900B88910 /* NSURL+Router_Extend.m in Sources */ = {isa = PBXBuildFile; fileRef = 62348D191D5459A900B88910 /* NSURL+Router_Extend.m */; };
		62348D201D545A9400B88910 /* MRouterLink.h in Headers */ = {isa = PBXBuildFile; fileRef = 62348D1E1D545A9400B88910 /* MRouterLink.h */; settings = {ATTRIBUTES = (Public, ); }; };
		62348D211D545A9400B88910 /* MRouterLink.m in Sources */ = {isa = PBXBuildFile; fileRef = 62348D1F1D545A9400B88910 /* MRouterLink.m */; };
		62348D241D54612900B88910 /* MRouter.h in Headers */ = {isa = PBXBuildFile; fileRef = 62348D221D54612900B88910 /* MRouter.h */; settings = {ATTRIBUTES = (Public, ); }; };
		62348D251D54612900B88910 /* MRouter.m in Sources */ = {isa = PBXBuildFile; fileRef = 62348D231D54612900B88910 /* MRouter.m */; };
		62348D301D54655000B88910 /* MRouterDefaultHandler.h in Headers */ = {isa = PBXBuildFile; fileRef = 62348D2E1D54655000B88910 /* MRouterDefaultHandler.h */; settings = {ATTRIBUTES = (Public, ); }; };
		62348D311D54655000B88910 /* MRouterDefaultHandler.m in Sources */ = {isa = PBXBuildFile; fileRef = 62348D2F1D54655000B88910 /* MRouterDefaultHandler.m */; };
		62348D351D5494D000B88910 /* MRouterInfo+Router.h in Headers */ = {isa = PBXBuildFile; fileRef = 62348D331D5494D000B88910 /* MRouterInfo+Router.h */; settings = {ATTRIBUTES = (Public, ); }; };
		62348D361D5494D000B88910 /* MRouterInfo+Router.m in Sources */ = {isa = PBXBuildFile; fileRef = 62348D341D5494D000B88910 /* MRouterInfo+Router.m */; };
		62348D4D1D54AC3500B88910 /* UIViewController+RouterLink.h in Headers */ = {isa = PBXBuildFile; fileRef = 62348D4B1D54AC3500B88910 /* UIViewController+RouterLink.h */; settings = {ATTRIBUTES = (Public, ); }; };
		62348D4E1D54AC3500B88910 /* UIViewController+RouterLink.m in Sources */ = {isa = PBXBuildFile; fileRef = 62348D4C1D54AC3500B88910 /* UIViewController+RouterLink.m */; };
		6284630F1D5C63B1004840EB /* main.m in Sources */ = {isa = PBXBuildFile; fileRef = 6284630E1D5C63B1004840EB /* main.m */; };
		628463121D5C63B1004840EB /* AppDelegate.m in Sources */ = {isa = PBXBuildFile; fileRef = 628463111D5C63B1004840EB /* AppDelegate.m */; };
		628463151D5C63B1004840EB /* ViewController.m in Sources */ = {isa = PBXBuildFile; fileRef = 628463141D5C63B1004840EB /* ViewController.m */; };
		6284631A1D5C63B1004840EB /* Assets.xcassets in Resources */ = {isa = PBXBuildFile; fileRef = 628463191D5C63B1004840EB /* Assets.xcassets */; };
		6284631D1D5C63B1004840EB /* LaunchScreen.storyboard in Resources */ = {isa = PBXBuildFile; fileRef = 6284631B1D5C63B1004840EB /* LaunchScreen.storyboard */; };
		628463221D5C63BD004840EB /* MRouterFramework.framework in Frameworks */ = {isa = PBXBuildFile; fileRef = 6217DE261D51B7C40059451A /* MRouterFramework.framework */; };
		628463231D5C640A004840EB /* url_resolver.plist in Resources */ = {isa = PBXBuildFile; fileRef = 62FA80C81D58269A00A753C6 /* url_resolver.plist */; };
		62B064B01D6ADF14004A0DF0 /* MRouterLink+UserInfo.h in Headers */ = {isa = PBXBuildFile; fileRef = 62B064AE1D6ADF14004A0DF0 /* MRouterLink+UserInfo.h */; settings = {ATTRIBUTES = (Public, ); }; };
		62B064B11D6ADF14004A0DF0 /* MRouterLink+UserInfo.m in Sources */ = {isa = PBXBuildFile; fileRef = 62B064AF1D6ADF14004A0DF0 /* MRouterLink+UserInfo.m */; };
		62CB319B1E277A46004946A6 /* MRouter+Modal.m in Sources */ = {isa = PBXBuildFile; fileRef = 62CB319A1E277A46004946A6 /* MRouter+Modal.m */; };
		62CB319D1E277BF0004946A6 /* Main.storyboard in Resources */ = {isa = PBXBuildFile; fileRef = 62CB319C1E277BF0004946A6 /* Main.storyboard */; };
		62EAAF311E76703400B7D1CE /* MRouterInfo+Refine.h in Headers */ = {isa = PBXBuildFile; fileRef = 62EAAF2F1E76703400B7D1CE /* MRouterInfo+Refine.h */; settings = {ATTRIBUTES = (Public, ); }; };
		62EAAF321E76703400B7D1CE /* MRouterInfo+Refine.m in Sources */ = {isa = PBXBuildFile; fileRef = 62EAAF301E76703400B7D1CE /* MRouterInfo+Refine.m */; };
		62FA80C11D58217A00A753C6 /* MRouterInfo+DefaultHandler.h in Headers */ = {isa = PBXBuildFile; fileRef = 62FA80BF1D58217A00A753C6 /* MRouterInfo+DefaultHandler.h */; settings = {ATTRIBUTES = (Public, ); }; };
		62FA80C21D58217A00A753C6 /* MRouterInfo+DefaultHandler.m in Sources */ = {isa = PBXBuildFile; fileRef = 62FA80C01D58217A00A753C6 /* MRouterInfo+DefaultHandler.m */; };
		62FA80D01D582A9F00A753C6 /* IURLResolver.h in Headers */ = {isa = PBXBuildFile; fileRef = 62348D321D54671900B88910 /* IURLResolver.h */; settings = {ATTRIBUTES = (Public, ); }; };
		62FA80D11D582AA500A753C6 /* IRouterLink.h in Headers */ = {isa = PBXBuildFile; fileRef = 62348D4F1D54AC8E00B88910 /* IRouterLink.h */; settings = {ATTRIBUTES = (Public, ); }; };
/* End PBXBuildFile section */

/* Begin PBXFileReference section */
		6217DE261D51B7C40059451A /* MRouterFramework.framework */ = {isa = PBXFileReference; explicitFileType = wrapper.framework; includeInIndex = 0; path = MRouterFramework.framework; sourceTree = BUILT_PRODUCTS_DIR; };
		6217DE291D51B7C40059451A /* MRouterFramework.h */ = {isa = PBXFileReference; lastKnownFileType = sourcecode.c.h; path = MRouterFramework.h; sourceTree = "<group>"; };
		6217DE2B1D51B7C40059451A /* Info.plist */ = {isa = PBXFileReference; lastKnownFileType = text.plist.xml; path = Info.plist; sourceTree = "<group>"; };
		62348D0A1D5453FB00B88910 /* MRouterInfo.h */ = {isa = PBXFileReference; fileEncoding = 4; lastKnownFileType = sourcecode.c.h; path = MRouterInfo.h; sourceTree = "<group>"; };
		62348D0B1D5453FB00B88910 /* MRouterInfo.m */ = {isa = PBXFileReference; fileEncoding = 4; lastKnownFileType = sourcecode.c.objc; path = MRouterInfo.m; sourceTree = "<group>"; };
		62348D0E1D54540F00B88910 /* MRouterMatcher.h */ = {isa = PBXFileReference; fileEncoding = 4; lastKnownFileType = sourcecode.c.h; path = MRouterMatcher.h; sourceTree = "<group>"; };
		62348D0F1D54540F00B88910 /* MRouterMatcher.m */ = {isa = PBXFileReference; fileEncoding = 4; lastKnownFileType = sourcecode.c.objc; path = MRouterMatcher.m; sourceTree = "<group>"; };
		62348D121D54543200B88910 /* MRouterRegularExpression.h */ = {isa = PBXFileReference; fileEncoding = 4; lastKnownFileType = sourcecode.c.h; path = MRouterRegularExpression.h; sourceTree = "<group>"; };
		62348D131D54543200B88910 /* MRouterRegularExpression.m */ = {isa = PBXFileReference; fileEncoding = 4; lastKnownFileType = sourcecode.c.objc; path = MRouterRegularExpression.m; sourceTree = "<group>"; };
		62348D161D5459A900B88910 /* NSString+Router_URLEncoding.h */ = {isa = PBXFileReference; fileEncoding = 4; lastKnownFileType = sourcecode.c.h; path = "NSString+Router_URLEncoding.h"; sourceTree = "<group>"; };
		62348D171D5459A900B88910 /* NSString+Router_URLEncoding.m */ = {isa = PBXFileReference; fileEncoding = 4; lastKnownFileType = sourcecode.c.objc; path = "NSString+Router_URLEncoding.m"; sourceTree = "<group>"; };
		62348D181D5459A900B88910 /* NSURL+Router_Extend.h */ = {isa = PBXFileReference; fileEncoding = 4; lastKnownFileType = sourcecode.c.h; path = "NSURL+Router_Extend.h"; sourceTree = "<group>"; };
		62348D191D5459A900B88910 /* NSURL+Router_Extend.m */ = {isa = PBXFileReference; fileEncoding = 4; lastKnownFileType = sourcecode.c.objc; path = "NSURL+Router_Extend.m"; sourceTree = "<group>"; };
		62348D1E1D545A9400B88910 /* MRouterLink.h */ = {isa = PBXFileReference; fileEncoding = 4; lastKnownFileType = sourcecode.c.h; path = MRouterLink.h; sourceTree = "<group>"; };
		62348D1F1D545A9400B88910 /* MRouterLink.m */ = {isa = PBXFileReference; fileEncoding = 4; lastKnownFileType = sourcecode.c.objc; path = MRouterLink.m; sourceTree = "<group>"; };
		62348D221D54612900B88910 /* MRouter.h */ = {isa = PBXFileReference; fileEncoding = 4; lastKnownFileType = sourcecode.c.h; path = MRouter.h; sourceTree = "<group>"; };
		62348D231D54612900B88910 /* MRouter.m */ = {isa = PBXFileReference; fileEncoding = 4; lastKnownFileType = sourcecode.c.objc; path = MRouter.m; sourceTree = "<group>"; };
		62348D2E1D54655000B88910 /* MRouterDefaultHandler.h */ = {isa = PBXFileReference; fileEncoding = 4; lastKnownFileType = sourcecode.c.h; path = MRouterDefaultHandler.h; sourceTree = "<group>"; };
		62348D2F1D54655000B88910 /* MRouterDefaultHandler.m */ = {isa = PBXFileReference; fileEncoding = 4; lastKnownFileType = sourcecode.c.objc; path = MRouterDefaultHandler.m; sourceTree = "<group>"; };
		62348D321D54671900B88910 /* IURLResolver.h */ = {isa = PBXFileReference; lastKnownFileType = sourcecode.c.h; path = IURLResolver.h; sourceTree = "<group>"; };
		62348D331D5494D000B88910 /* MRouterInfo+Router.h */ = {isa = PBXFileReference; fileEncoding = 4; lastKnownFileType = sourcecode.c.h; path = "MRouterInfo+Router.h"; sourceTree = "<group>"; };
		62348D341D5494D000B88910 /* MRouterInfo+Router.m */ = {isa = PBXFileReference; fileEncoding = 4; lastKnownFileType = sourcecode.c.objc; path = "MRouterInfo+Router.m"; sourceTree = "<group>"; };
		62348D3E1D54A32700B88910 /* MRouterFrameworkTests.m */ = {isa = PBXFileReference; lastKnownFileType = sourcecode.c.objc; path = MRouterFrameworkTests.m; sourceTree = "<group>"; };
		62348D401D54A32700B88910 /* Info.plist */ = {isa = PBXFileReference; lastKnownFileType = text.plist.xml; path = Info.plist; sourceTree = "<group>"; };
		62348D4B1D54AC3500B88910 /* UIViewController+RouterLink.h */ = {isa = PBXFileReference; fileEncoding = 4; lastKnownFileType = sourcecode.c.h; path = "UIViewController+RouterLink.h"; sourceTree = "<group>"; };
		62348D4C1D54AC3500B88910 /* UIViewController+RouterLink.m */ = {isa = PBXFileReference; fileEncoding = 4; lastKnownFileType = sourcecode.c.objc; path = "UIViewController+RouterLink.m"; sourceTree = "<group>"; };
		62348D4F1D54AC8E00B88910 /* IRouterLink.h */ = {isa = PBXFileReference; lastKnownFileType = sourcecode.c.h; path = IRouterLink.h; sourceTree = "<group>"; };
		6284630B1D5C63B1004840EB /* testRouter.app */ = {isa = PBXFileReference; explicitFileType = wrapper.application; includeInIndex = 0; path = testRouter.app; sourceTree = BUILT_PRODUCTS_DIR; };
		6284630E1D5C63B1004840EB /* main.m */ = {isa = PBXFileReference; lastKnownFileType = sourcecode.c.objc; path = main.m; sourceTree = "<group>"; };
		628463101D5C63B1004840EB /* AppDelegate.h */ = {isa = PBXFileReference; lastKnownFileType = sourcecode.c.h; path = AppDelegate.h; sourceTree = "<group>"; };
		628463111D5C63B1004840EB /* AppDelegate.m */ = {isa = PBXFileReference; lastKnownFileType = sourcecode.c.objc; path = AppDelegate.m; sourceTree = "<group>"; };
		628463131D5C63B1004840EB /* ViewController.h */ = {isa = PBXFileReference; lastKnownFileType = sourcecode.c.h; path = ViewController.h; sourceTree = "<group>"; };
		628463141D5C63B1004840EB /* ViewController.m */ = {isa = PBXFileReference; lastKnownFileType = sourcecode.c.objc; path = ViewController.m; sourceTree = "<group>"; };
		628463191D5C63B1004840EB /* Assets.xcassets */ = {isa = PBXFileReference; lastKnownFileType = folder.assetcatalog; path = Assets.xcassets; sourceTree = "<group>"; };
		6284631C1D5C63B1004840EB /* Base */ = {isa = PBXFileReference; lastKnownFileType = file.storyboard; name = Base; path = Base.lproj/LaunchScreen.storyboard; sourceTree = "<group>"; };
		6284631E1D5C63B1004840EB /* Info.plist */ = {isa = PBXFileReference; lastKnownFileType = text.plist.xml; path = Info.plist; sourceTree = "<group>"; };
		62B064AE1D6ADF14004A0DF0 /* MRouterLink+UserInfo.h */ = {isa = PBXFileReference; fileEncoding = 4; lastKnownFileType = sourcecode.c.h; path = "MRouterLink+UserInfo.h"; sourceTree = "<group>"; };
		62B064AF1D6ADF14004A0DF0 /* MRouterLink+UserInfo.m */ = {isa = PBXFileReference; fileEncoding = 4; lastKnownFileType = sourcecode.c.objc; path = "MRouterLink+UserInfo.m"; sourceTree = "<group>"; };
		62CB31991E277A46004946A6 /* MRouter+Modal.h */ = {isa = PBXFileReference; fileEncoding = 4; lastKnownFileType = sourcecode.c.h; path = "MRouter+Modal.h"; sourceTree = "<group>"; };
		62CB319A1E277A46004946A6 /* MRouter+Modal.m */ = {isa = PBXFileReference; fileEncoding = 4; lastKnownFileType = sourcecode.c.objc; path = "MRouter+Modal.m"; sourceTree = "<group>"; };
		62CB319C1E277BF0004946A6 /* Main.storyboard */ = {isa = PBXFileReference; fileEncoding = 4; lastKnownFileType = file.storyboard; path = Main.storyboard; sourceTree = "<group>"; };
		62EAAF2F1E76703400B7D1CE /* MRouterInfo+Refine.h */ = {isa = PBXFileReference; fileEncoding = 4; lastKnownFileType = sourcecode.c.h; path = "MRouterInfo+Refine.h"; sourceTree = "<group>"; };
		62EAAF301E76703400B7D1CE /* MRouterInfo+Refine.m */ = {isa = PBXFileReference; fileEncoding = 4; lastKnownFileType = sourcecode.c.objc; path = "MRouterInfo+Refine.m"; sourceTree = "<group>"; };
		62FA80BF1D58217A00A753C6 /* MRouterInfo+DefaultHandler.h */ = {isa = PBXFileReference; fileEncoding = 4; lastKnownFileType = sourcecode.c.h; path = "MRouterInfo+DefaultHandler.h"; sourceTree = "<group>"; };
		62FA80C01D58217A00A753C6 /* MRouterInfo+DefaultHandler.m */ = {isa = PBXFileReference; fileEncoding = 4; lastKnownFileType = sourcecode.c.objc; path = "MRouterInfo+DefaultHandler.m"; sourceTree = "<group>"; };
		62FA80C81D58269A00A753C6 /* url_resolver.plist */ = {isa = PBXFileReference; lastKnownFileType = text.plist.xml; path = url_resolver.plist; sourceTree = "<group>"; };
/* End PBXFileReference section */

/* Begin PBXFrameworksBuildPhase section */
		6217DE221D51B7C40059451A /* Frameworks */ = {
			isa = PBXFrameworksBuildPhase;
			buildActionMask = 2147483647;
			files = (
			);
			runOnlyForDeploymentPostprocessing = 0;
		};
		628463081D5C63B1004840EB /* Frameworks */ = {
			isa = PBXFrameworksBuildPhase;
			buildActionMask = 2147483647;
			files = (
				628463221D5C63BD004840EB /* MRouterFramework.framework in Frameworks */,
			);
			runOnlyForDeploymentPostprocessing = 0;
		};
/* End PBXFrameworksBuildPhase section */

/* Begin PBXGroup section */
		6217DE1C1D51B7C40059451A = {
			isa = PBXGroup;
			children = (
				6217DE281D51B7C40059451A /* MRouterFramework */,
				62348D3D1D54A32700B88910 /* MRouterFrameworkTests */,
				6284630C1D5C63B1004840EB /* testRouter */,
				6217DE271D51B7C40059451A /* Products */,
			);
			sourceTree = "<group>";
		};
		6217DE271D51B7C40059451A /* Products */ = {
			isa = PBXGroup;
			children = (
				6217DE261D51B7C40059451A /* MRouterFramework.framework */,
				6284630B1D5C63B1004840EB /* testRouter.app */,
			);
			name = Products;
			sourceTree = "<group>";
		};
		6217DE281D51B7C40059451A /* MRouterFramework */ = {
			isa = PBXGroup;
			children = (
				62348D091D5453FB00B88910 /* MRouter */,
				6217DE291D51B7C40059451A /* MRouterFramework.h */,
				6217DE2B1D51B7C40059451A /* Info.plist */,
				62FA80C81D58269A00A753C6 /* url_resolver.plist */,
			);
			path = MRouterFramework;
			sourceTree = "<group>";
		};
		62348D091D5453FB00B88910 /* MRouter */ = {
			isa = PBXGroup;
			children = (
				62348D371D54A0FF00B88910 /* Category */,
				62348D0A1D5453FB00B88910 /* MRouterInfo.h */,
				62348D0B1D5453FB00B88910 /* MRouterInfo.m */,
				62EAAF2F1E76703400B7D1CE /* MRouterInfo+Refine.h */,
				62EAAF301E76703400B7D1CE /* MRouterInfo+Refine.m */,
				62348D331D5494D000B88910 /* MRouterInfo+Router.h */,
				62348D341D5494D000B88910 /* MRouterInfo+Router.m */,
				62FA80BF1D58217A00A753C6 /* MRouterInfo+DefaultHandler.h */,
				62FA80C01D58217A00A753C6 /* MRouterInfo+DefaultHandler.m */,
				62348D0E1D54540F00B88910 /* MRouterMatcher.h */,
				62348D0F1D54540F00B88910 /* MRouterMatcher.m */,
				62348D121D54543200B88910 /* MRouterRegularExpression.h */,
				62348D131D54543200B88910 /* MRouterRegularExpression.m */,
				62348D1E1D545A9400B88910 /* MRouterLink.h */,
				62348D1F1D545A9400B88910 /* MRouterLink.m */,
				62B064AE1D6ADF14004A0DF0 /* MRouterLink+UserInfo.h */,
				62B064AF1D6ADF14004A0DF0 /* MRouterLink+UserInfo.m */,
				62348D221D54612900B88910 /* MRouter.h */,
				62348D231D54612900B88910 /* MRouter.m */,
				62348D2E1D54655000B88910 /* MRouterDefaultHandler.h */,
				62348D2F1D54655000B88910 /* MRouterDefaultHandler.m */,
				62348D321D54671900B88910 /* IURLResolver.h */,
				62348D4F1D54AC8E00B88910 /* IRouterLink.h */,
				62348D4B1D54AC3500B88910 /* UIViewController+RouterLink.h */,
				62348D4C1D54AC3500B88910 /* UIViewController+RouterLink.m */,
			);
			path = MRouter;
			sourceTree = "<group>";
		};
		62348D371D54A0FF00B88910 /* Category */ = {
			isa = PBXGroup;
			children = (
				62348D181D5459A900B88910 /* NSURL+Router_Extend.h */,
				62348D191D5459A900B88910 /* NSURL+Router_Extend.m */,
				62348D161D5459A900B88910 /* NSString+Router_URLEncoding.h */,
				62348D171D5459A900B88910 /* NSString+Router_URLEncoding.m */,
			);
			name = Category;
			sourceTree = "<group>";
		};
		62348D3D1D54A32700B88910 /* MRouterFrameworkTests */ = {
			isa = PBXGroup;
			children = (
				62348D3E1D54A32700B88910 /* MRouterFrameworkTests.m */,
				62348D401D54A32700B88910 /* Info.plist */,
			);
			path = MRouterFrameworkTests;
			sourceTree = "<group>";
		};
		6284630C1D5C63B1004840EB /* testRouter */ = {
			isa = PBXGroup;
			children = (
				628463101D5C63B1004840EB /* AppDelegate.h */,
				628463111D5C63B1004840EB /* AppDelegate.m */,
				628463131D5C63B1004840EB /* ViewController.h */,
				628463141D5C63B1004840EB /* ViewController.m */,
				628463191D5C63B1004840EB /* Assets.xcassets */,
				6284631B1D5C63B1004840EB /* LaunchScreen.storyboard */,
				6284631E1D5C63B1004840EB /* Info.plist */,
				6284630D1D5C63B1004840EB /* Supporting Files */,
				62CB31991E277A46004946A6 /* MRouter+Modal.h */,
				62CB319A1E277A46004946A6 /* MRouter+Modal.m */,
				62CB319C1E277BF0004946A6 /* Main.storyboard */,
			);
			path = testRouter;
			sourceTree = "<group>";
		};
		6284630D1D5C63B1004840EB /* Supporting Files */ = {
			isa = PBXGroup;
			children = (
				6284630E1D5C63B1004840EB /* main.m */,
			);
			name = "Supporting Files";
			sourceTree = "<group>";
		};
/* End PBXGroup section */

/* Begin PBXHeadersBuildPhase section */
		6217DE231D51B7C40059451A /* Headers */ = {
			isa = PBXHeadersBuildPhase;
			buildActionMask = 2147483647;
			files = (
				62348D1A1D5459A900B88910 /* NSString+Router_URLEncoding.h in Headers */,
				62348D4D1D54AC3500B88910 /* UIViewController+RouterLink.h in Headers */,
				62348D301D54655000B88910 /* MRouterDefaultHandler.h in Headers */,
				62348D141D54543200B88910 /* MRouterRegularExpression.h in Headers */,
				62FA80D01D582A9F00A753C6 /* IURLResolver.h in Headers */,
				62348D101D54540F00B88910 /* MRouterMatcher.h in Headers */,
				62FA80C11D58217A00A753C6 /* MRouterInfo+DefaultHandler.h in Headers */,
				62FA80D11D582AA500A753C6 /* IRouterLink.h in Headers */,
				62EAAF311E76703400B7D1CE /* MRouterInfo+Refine.h in Headers */,
				62B064B01D6ADF14004A0DF0 /* MRouterLink+UserInfo.h in Headers */,
				62348D201D545A9400B88910 /* MRouterLink.h in Headers */,
				62348D0C1D5453FB00B88910 /* MRouterInfo.h in Headers */,
				62348D241D54612900B88910 /* MRouter.h in Headers */,
				6217DE2A1D51B7C40059451A /* MRouterFramework.h in Headers */,
				62348D351D5494D000B88910 /* MRouterInfo+Router.h in Headers */,
				62348D1C1D5459A900B88910 /* NSURL+Router_Extend.h in Headers */,
			);
			runOnlyForDeploymentPostprocessing = 0;
		};
/* End PBXHeadersBuildPhase section */

/* Begin PBXNativeTarget section */
		6217DE251D51B7C40059451A /* MRouterFramework */ = {
			isa = PBXNativeTarget;
			buildConfigurationList = 6217DE2E1D51B7C40059451A /* Build configuration list for PBXNativeTarget "MRouterFramework" */;
			buildPhases = (
				6217DE211D51B7C40059451A /* Sources */,
				6217DE221D51B7C40059451A /* Frameworks */,
				6217DE231D51B7C40059451A /* Headers */,
				6217DE241D51B7C40059451A /* Resources */,
			);
			buildRules = (
			);
			dependencies = (
			);
			name = MRouterFramework;
			productName = MRouterFramework;
			productReference = 6217DE261D51B7C40059451A /* MRouterFramework.framework */;
			productType = "com.apple.product-type.framework";
		};
		6284630A1D5C63B1004840EB /* testRouter */ = {
			isa = PBXNativeTarget;
			buildConfigurationList = 628463211D5C63B1004840EB /* Build configuration list for PBXNativeTarget "testRouter" */;
			buildPhases = (
				628463071D5C63B1004840EB /* Sources */,
				628463081D5C63B1004840EB /* Frameworks */,
				628463091D5C63B1004840EB /* Resources */,
			);
			buildRules = (
			);
			dependencies = (
			);
			name = testRouter;
			productName = testRouter;
			productReference = 6284630B1D5C63B1004840EB /* testRouter.app */;
			productType = "com.apple.product-type.application";
		};
/* End PBXNativeTarget section */

/* Begin PBXProject section */
		6217DE1D1D51B7C40059451A /* Project object */ = {
			isa = PBXProject;
			attributes = {
				LastUpgradeCheck = 1000;
				ORGANIZATIONNAME = Micker;
				TargetAttributes = {
					6217DE251D51B7C40059451A = {
						CreatedOnToolsVersion = 7.3.1;
					};
					6284630A1D5C63B1004840EB = {
						CreatedOnToolsVersion = 7.3.1;
					};
					62FA80C31D58255F00A753C6 = {
						CreatedOnToolsVersion = 7.3.1;
					};
				};
			};
			buildConfigurationList = 6217DE201D51B7C40059451A /* Build configuration list for PBXProject "MRouterFramework" */;
			compatibilityVersion = "Xcode 3.2";
			developmentRegion = English;
			hasScannedForEncodings = 0;
			knownRegions = (
				en,
				Base,
			);
			mainGroup = 6217DE1C1D51B7C40059451A;
			productRefGroup = 6217DE271D51B7C40059451A /* Products */;
			projectDirPath = "";
			projectRoot = "";
			targets = (
				6217DE251D51B7C40059451A /* MRouterFramework */,
				62FA80C31D58255F00A753C6 /* RouterAggregate */,
				6284630A1D5C63B1004840EB /* testRouter */,
			);
		};
/* End PBXProject section */

/* Begin PBXResourcesBuildPhase section */
		6217DE241D51B7C40059451A /* Resources */ = {
			isa = PBXResourcesBuildPhase;
			buildActionMask = 2147483647;
			files = (
			);
			runOnlyForDeploymentPostprocessing = 0;
		};
		628463091D5C63B1004840EB /* Resources */ = {
			isa = PBXResourcesBuildPhase;
			buildActionMask = 2147483647;
			files = (
				628463231D5C640A004840EB /* url_resolver.plist in Resources */,
				6284631D1D5C63B1004840EB /* LaunchScreen.storyboard in Resources */,
				6284631A1D5C63B1004840EB /* Assets.xcassets in Resources */,
				62CB319D1E277BF0004946A6 /* Main.storyboard in Resources */,
			);
			runOnlyForDeploymentPostprocessing = 0;
		};
/* End PBXResourcesBuildPhase section */

/* Begin PBXShellScriptBuildPhase section */
		62FA80C71D58260100A753C6 /* ShellScript */ = {
			isa = PBXShellScriptBuildPhase;
			buildActionMask = 2147483647;
			files = (
			);
			inputPaths = (
			);
			outputPaths = (
			);
			runOnlyForDeploymentPostprocessing = 0;
			shellPath = /bin/sh;
			shellScript = "# Sets the target folders and the final framework product.\n# 如果工程名称和Framework的Target名称不一样的话，要自定义FMKNAME\n# 例如: FMK_NAME = \"MyFramework\"\nFMK_NAME=${PROJECT_NAME}\n# Install dir will be the final output to the framework.\n# The following line create it in the root folder of the current project.\nINSTALL_DIR=${SRCROOT}/Products/${FMK_NAME}.framework\n# Working dir will be deleted after the framework creation.\nWRK_DIR=build\nDEVICE_DIR=${WRK_DIR}/Release-iphoneos/${FMK_NAME}.framework\nSIMULATOR_DIR=${WRK_DIR}/Release-iphonesimulator/${FMK_NAME}.framework\n# -configuration ${CONFIGURATION}\n# Clean and Building both architectures.\nxcodebuild -configuration \"Release\" -target \"${FMK_NAME}\" -sdk iphoneos clean build\nxcodebuild -configuration \"Release\" -target \"${FMK_NAME}\" -sdk iphonesimulator  build\n# Cleaning the oldest.\nif [ -d \"${INSTALL_DIR}\" ]\nthen\nrm -rf \"${INSTALL_DIR}\"\nfi\nmkdir -p \"${INSTALL_DIR}\"\ncp -R \"${DEVICE_DIR}/\" \"${INSTALL_DIR}/\"\n# Uses the Lipo Tool to merge both binary files (i386 + armv6/armv7) into one Universal final product.\nlipo -create \"${DEVICE_DIR}/${FMK_NAME}\" \"${SIMULATOR_DIR}/${FMK_NAME}\" -output \"${INSTALL_DIR}/${FMK_NAME}\"\nrm -r \"${WRK_DIR}\"\nopen \"${INSTALL_DIR}\"\n";
		};
/* End PBXShellScriptBuildPhase section */

/* Begin PBXSourcesBuildPhase section */
		6217DE211D51B7C40059451A /* Sources */ = {
			isa = PBXSourcesBuildPhase;
			buildActionMask = 2147483647;
			files = (
				62348D211D545A9400B88910 /* MRouterLink.m in Sources */,
				62348D1D1D5459A900B88910 /* NSURL+Router_Extend.m in Sources */,
				62348D251D54612900B88910 /* MRouter.m in Sources */,
				62B064B11D6ADF14004A0DF0 /* MRouterLink+UserInfo.m in Sources */,
				62348D361D5494D000B88910 /* MRouterInfo+Router.m in Sources */,
				62348D311D54655000B88910 /* MRouterDefaultHandler.m in Sources */,
				62EAAF321E76703400B7D1CE /* MRouterInfo+Refine.m in Sources */,
				62348D0D1D5453FB00B88910 /* MRouterInfo.m in Sources */,
				62348D151D54543200B88910 /* MRouterRegularExpression.m in Sources */,
				62348D1B1D5459A900B88910 /* NSString+Router_URLEncoding.m in Sources */,
				62348D4E1D54AC3500B88910 /* UIViewController+RouterLink.m in Sources */,
				62348D111D54540F00B88910 /* MRouterMatcher.m in Sources */,
				62FA80C21D58217A00A753C6 /* MRouterInfo+DefaultHandler.m in Sources */,
			);
			runOnlyForDeploymentPostprocessing = 0;
		};
		628463071D5C63B1004840EB /* Sources */ = {
			isa = PBXSourcesBuildPhase;
			buildActionMask = 2147483647;
			files = (
				62CB319B1E277A46004946A6 /* MRouter+Modal.m in Sources */,
				628463151D5C63B1004840EB /* ViewController.m in Sources */,
				628463121D5C63B1004840EB /* AppDelegate.m in Sources */,
				6284630F1D5C63B1004840EB /* main.m in Sources */,
			);
			runOnlyForDeploymentPostprocessing = 0;
		};
/* End PBXSourcesBuildPhase section */

/* Begin PBXVariantGroup section */
		6284631B1D5C63B1004840EB /* LaunchScreen.storyboard */ = {
			isa = PBXVariantGroup;
			children = (
				6284631C1D5C63B1004840EB /* Base */,
			);
			name = LaunchScreen.storyboard;
			sourceTree = "<group>";
		};
/* End PBXVariantGroup section */

/* Begin XCBuildConfiguration section */
		6217DE2C1D51B7C40059451A /* Debug */ = {
			isa = XCBuildConfiguration;
			buildSettings = {
				ALWAYS_SEARCH_USER_PATHS = NO;
				CLANG_ANALYZER_NONNULL = YES;
				CLANG_CXX_LANGUAGE_STANDARD = "gnu++0x";
				CLANG_CXX_LIBRARY = "libc++";
				CLANG_ENABLE_MODULES = YES;
				CLANG_ENABLE_OBJC_ARC = YES;
				CLANG_WARN_BLOCK_CAPTURE_AUTORELEASING = YES;
				CLANG_WARN_BOOL_CONVERSION = YES;
				CLANG_WARN_COMMA = YES;
				CLANG_WARN_CONSTANT_CONVERSION = YES;
				CLANG_WARN_DEPRECATED_OBJC_IMPLEMENTATIONS = YES;
				CLANG_WARN_DIRECT_OBJC_ISA_USAGE = YES_ERROR;
				CLANG_WARN_EMPTY_BODY = YES;
				CLANG_WARN_ENUM_CONVERSION = YES;
				CLANG_WARN_INFINITE_RECURSION = YES;
				CLANG_WARN_INT_CONVERSION = YES;
				CLANG_WARN_NON_LITERAL_NULL_CONVERSION = YES;
				CLANG_WARN_OBJC_IMPLICIT_RETAIN_SELF = YES;
				CLANG_WARN_OBJC_LITERAL_CONVERSION = YES;
				CLANG_WARN_OBJC_ROOT_CLASS = YES_ERROR;
				CLANG_WARN_RANGE_LOOP_ANALYSIS = YES;
				CLANG_WARN_STRICT_PROTOTYPES = YES;
				CLANG_WARN_SUSPICIOUS_MOVE = YES;
				CLANG_WARN_UNREACHABLE_CODE = YES;
				CLANG_WARN__DUPLICATE_METHOD_MATCH = YES;
				"CODE_SIGN_IDENTITY[sdk=iphoneos*]" = "iPhone Developer";
				COPY_PHASE_STRIP = NO;
				CURRENT_PROJECT_VERSION = 1;
				DEBUG_INFORMATION_FORMAT = dwarf;
				ENABLE_STRICT_OBJC_MSGSEND = YES;
				ENABLE_TESTABILITY = YES;
				GCC_C_LANGUAGE_STANDARD = gnu99;
				GCC_DYNAMIC_NO_PIC = NO;
				GCC_NO_COMMON_BLOCKS = YES;
				GCC_OPTIMIZATION_LEVEL = 0;
				GCC_PREPROCESSOR_DEFINITIONS = (
					"DEBUG=1",
					"$(inherited)",
				);
				GCC_WARN_64_TO_32_BIT_CONVERSION = YES;
				GCC_WARN_ABOUT_RETURN_TYPE = YES_ERROR;
				GCC_WARN_UNDECLARED_SELECTOR = YES;
				GCC_WARN_UNINITIALIZED_AUTOS = YES_AGGRESSIVE;
				GCC_WARN_UNUSED_FUNCTION = YES;
				GCC_WARN_UNUSED_VARIABLE = YES;
				IPHONEOS_DEPLOYMENT_TARGET = 8.0;
				MTL_ENABLE_DEBUG_INFO = YES;
				ONLY_ACTIVE_ARCH = YES;
				SDKROOT = iphoneos;
				TARGETED_DEVICE_FAMILY = "1,2";
				VERSIONING_SYSTEM = "apple-generic";
				VERSION_INFO_PREFIX = "";
			};
			name = Debug;
		};
		6217DE2D1D51B7C40059451A /* Release */ = {
			isa = XCBuildConfiguration;
			buildSettings = {
				ALWAYS_SEARCH_USER_PATHS = NO;
				CLANG_ANALYZER_NONNULL = YES;
				CLANG_CXX_LANGUAGE_STANDARD = "gnu++0x";
				CLANG_CXX_LIBRARY = "libc++";
				CLANG_ENABLE_MODULES = YES;
				CLANG_ENABLE_OBJC_ARC = YES;
				CLANG_WARN_BLOCK_CAPTURE_AUTORELEASING = YES;
				CLANG_WARN_BOOL_CONVERSION = YES;
				CLANG_WARN_COMMA = YES;
				CLANG_WARN_CONSTANT_CONVERSION = YES;
				CLANG_WARN_DEPRECATED_OBJC_IMPLEMENTATIONS = YES;
				CLANG_WARN_DIRECT_OBJC_ISA_USAGE = YES_ERROR;
				CLANG_WARN_EMPTY_BODY = YES;
				CLANG_WARN_ENUM_CONVERSION = YES;
				CLANG_WARN_INFINITE_RECURSION = YES;
				CLANG_WARN_INT_CONVERSION = YES;
				CLANG_WARN_NON_LITERAL_NULL_CONVERSION = YES;
				CLANG_WARN_OBJC_IMPLICIT_RETAIN_SELF = YES;
				CLANG_WARN_OBJC_LITERAL_CONVERSION = YES;
				CLANG_WARN_OBJC_ROOT_CLASS = YES_ERROR;
				CLANG_WARN_RANGE_LOOP_ANALYSIS = YES;
				CLANG_WARN_STRICT_PROTOTYPES = YES;
				CLANG_WARN_SUSPICIOUS_MOVE = YES;
				CLANG_WARN_UNREACHABLE_CODE = YES;
				CLANG_WARN__DUPLICATE_METHOD_MATCH = YES;
				"CODE_SIGN_IDENTITY[sdk=iphoneos*]" = "iPhone Developer";
				COPY_PHASE_STRIP = NO;
				CURRENT_PROJECT_VERSION = 1;
				DEBUG_INFORMATION_FORMAT = "dwarf-with-dsym";
				ENABLE_NS_ASSERTIONS = NO;
				ENABLE_STRICT_OBJC_MSGSEND = YES;
				GCC_C_LANGUAGE_STANDARD = gnu99;
				GCC_NO_COMMON_BLOCKS = YES;
				GCC_WARN_64_TO_32_BIT_CONVERSION = YES;
				GCC_WARN_ABOUT_RETURN_TYPE = YES_ERROR;
				GCC_WARN_UNDECLARED_SELECTOR = YES;
				GCC_WARN_UNINITIALIZED_AUTOS = YES_AGGRESSIVE;
				GCC_WARN_UNUSED_FUNCTION = YES;
				GCC_WARN_UNUSED_VARIABLE = YES;
				IPHONEOS_DEPLOYMENT_TARGET = 8.0;
				MTL_ENABLE_DEBUG_INFO = NO;
				SDKROOT = iphoneos;
				TARGETED_DEVICE_FAMILY = "1,2";
				VALIDATE_PRODUCT = YES;
				VERSIONING_SYSTEM = "apple-generic";
				VERSION_INFO_PREFIX = "";
			};
			name = Release;
		};
		6217DE2F1D51B7C40059451A /* Debug */ = {
			isa = XCBuildConfiguration;
			buildSettings = {
				CODE_SIGN_IDENTITY = "";
				DEFINES_MODULE = YES;
				DYLIB_COMPATIBILITY_VERSION = 1;
				DYLIB_CURRENT_VERSION = 1;
				DYLIB_INSTALL_NAME_BASE = "@rpath";
				INFOPLIST_FILE = MRouterFramework/Info.plist;
				INSTALL_PATH = "$(LOCAL_LIBRARY_DIR)/Frameworks";
				IPHONEOS_DEPLOYMENT_TARGET = 8.0;
				LD_RUNPATH_SEARCH_PATHS = "$(inherited) @executable_path/Frameworks @loader_path/Frameworks";
				MACH_O_TYPE = staticlib;
				PRODUCT_BUNDLE_IDENTIFIER = cn.micker.MRouterFramework;
				PRODUCT_NAME = "$(TARGET_NAME)";
				SKIP_INSTALL = YES;
			};
			name = Debug;
		};
		6217DE301D51B7C40059451A /* Release */ = {
			isa = XCBuildConfiguration;
			buildSettings = {
				CODE_SIGN_IDENTITY = "";
				DEFINES_MODULE = YES;
				DYLIB_COMPATIBILITY_VERSION = 1;
				DYLIB_CURRENT_VERSION = 1;
				DYLIB_INSTALL_NAME_BASE = "@rpath";
				INFOPLIST_FILE = MRouterFramework/Info.plist;
				INSTALL_PATH = "$(LOCAL_LIBRARY_DIR)/Frameworks";
				IPHONEOS_DEPLOYMENT_TARGET = 8.0;
				LD_RUNPATH_SEARCH_PATHS = "$(inherited) @executable_path/Frameworks @loader_path/Frameworks";
				MACH_O_TYPE = staticlib;
				PRODUCT_BUNDLE_IDENTIFIER = cn.micker.MRouterFramework;
				PRODUCT_NAME = "$(TARGET_NAME)";
				SKIP_INSTALL = YES;
			};
			name = Release;
		};
		6284631F1D5C63B1004840EB /* Debug */ = {
			isa = XCBuildConfiguration;
			buildSettings = {
				ASSETCATALOG_COMPILER_APPICON_NAME = AppIcon;
				INFOPLIST_FILE = testRouter/Info.plist;
				LD_RUNPATH_SEARCH_PATHS = "$(inherited) @executable_path/Frameworks";
				OTHER_LDFLAGS = (
					"-all_load",
					"-ObjC",
				);
				PRODUCT_BUNDLE_IDENTIFIER = cn.micker.testRouter;
				PRODUCT_NAME = "$(TARGET_NAME)";
			};
			name = Debug;
		};
		628463201D5C63B1004840EB /* Release */ = {
			isa = XCBuildConfiguration;
			buildSettings = {
				ASSETCATALOG_COMPILER_APPICON_NAME = AppIcon;
				INFOPLIST_FILE = testRouter/Info.plist;
				LD_RUNPATH_SEARCH_PATHS = "$(inherited) @executable_path/Frameworks";
				OTHER_LDFLAGS = (
					"-all_load",
					"-ObjC",
				);
				PRODUCT_BUNDLE_IDENTIFIER = cn.micker.testRouter;
				PRODUCT_NAME = "$(TARGET_NAME)";
			};
			name = Release;
		};
		62FA80C51D58255F00A753C6 /* Debug */ = {
			isa = XCBuildConfiguration;
			buildSettings = {
				PRODUCT_NAME = "$(TARGET_NAME)";
			};
			name = Debug;
		};
		62FA80C61D58255F00A753C6 /* Release */ = {
			isa = XCBuildConfiguration;
			buildSettings = {
				PRODUCT_NAME = "$(TARGET_NAME)";
			};
			name = Release;
		};
/* End XCBuildConfiguration section */

/* Begin XCConfigurationList section */
		6217DE201D51B7C40059451A /* Build configuration list for PBXProject "MRouterFramework" */ = {
			isa = XCConfigurationList;
			buildConfigurations = (
				6217DE2C1D51B7C40059451A /* Debug */,
				6217DE2D1D51B7C40059451A /* Release */,
			);
			defaultConfigurationIsVisible = 0;
			defaultConfigurationName = Release;
		};
		6217DE2E1D51B7C40059451A /* Build configuration list for PBXNativeTarget "MRouterFramework" */ = {
			isa = XCConfigurationList;
			buildConfigurations = (
				6217DE2F1D51B7C40059451A /* Debug */,
				6217DE301D51B7C40059451A /* Release */,
			);
			defaultConfigurationIsVisible = 0;
			defaultConfigurationName = Release;
		};
		628463211D5C63B1004840EB /* Build configuration list for PBXNativeTarget "testRouter" */ = {
			isa = XCConfigurationList;
			buildConfigurations = (
				6284631F1D5C63B1004840EB /* Debug */,
				628463201D5C63B1004840EB /* Release */,
			);
			defaultConfigurationIsVisible = 0;
			defaultConfigurationName = Release;
		};
		62FA80C41D58255F00A753C6 /* Build configuration list for PBXAggregateTarget "RouterAggregate" */ = {
			isa = XCConfigurationList;
			buildConfigurations = (
				62FA80C51D58255F00A753C6 /* Debug */,
				62FA80C61D58255F00A753C6 /* Release */,
			);
			defaultConfigurationIsVisible = 0;
			defaultConfigurationName = Release;
		};
/* End XCConfigurationList section */
	};
	rootObject = 6217DE1D1D51B7C40059451A /* Project object */;
}
